
Microsoft Visual Studio Solution File, Format Version 11.00
# Visual Studio 2010
Project("{FAE04EC0-301F-11D3-BF4B-00C04F79EFBC}") = "Eximo", "Eximo\Eximo.csproj", "{235DC61D-08CA-4520-9209-4731520A0BC0}"
EndProject
Project("{54435603-DBB4-11D2-8724-00A0C9A8B90C}") = "EximoInstaller", "EximoInstaller\EximoInstaller.vdproj", "{F9820DE2-615D-45EC-AA9E-B0CC6C08BAC4}"
EndProject
Global
	GlobalSection(SolutionConfigurationPlatforms) = preSolution
		Debug|x86 = Debug|x86
		Release|x86 = Release|x86
	EndGlobalSection
	GlobalSection(ProjectConfigurationPlatforms) = postSolution
		{235DC61D-08CA-4520-9209-4731520A0BC0}.Debug|x86.ActiveCfg = Debug|x86
		{235DC61D-08CA-4520-9209-4731520A0BC0}.Debug|x86.Build.0 = Debug|x86
		{235DC61D-08CA-4520-9209-4731520A0BC0}.Release|x86.ActiveCfg = Release|x86
		{235DC61D-08CA-4520-9209-4731520A0BC0}.Release|x86.Build.0 = Release|x86
		{F9820DE2-615D-45EC-AA9E-B0CC6C08BAC4}.Debug|x86.ActiveCfg = Debug
		{F9820DE2-615D-45EC-AA9E-B0CC6C08BAC4}.Release|x86.ActiveCfg = Release
	EndGlobalSection
	GlobalSection(SolutionProperties) = preSolution
		HideSolutionNode = FALSE
	EndGlobalSection
EndGlobal
